
Microsoft Visual Studio Solution File, Format Version 12.00
# Visual Studio Version 16
VisualStudioVersion = 16.0.36227.6
MinimumVisualStudioVersion = 10.0.40219.1
Project("{FAE04EC0-301F-11D3-BF4B-00C04F79EFBC}") = "JobPortal", "JobPortal\JobPortal.csproj", "{D4FF75E8-C2D4-4BE8-B255-E36F8EF7E3D4}"
EndProject
Global
	GlobalSection(SolutionConfigurationPlatforms) = preSolution
		Debug|Any CPU = Debug|Any CPU
		Release|Any CPU = Release|Any CPU
	EndGlobalSection
	GlobalSection(ProjectConfigurationPlatforms) = postSolution
		{D4FF75E8-C2D4-4BE8-B255-E36F8EF7E3D4}.Debug|Any CPU.ActiveCfg = Debug|Any CPU
		{D4FF75E8-C2D4-4BE8-B255-E36F8EF7E3D4}.Debug|Any CPU.Build.0 = Debug|Any CPU
		{D4FF75E8-C2D4-4BE8-B255-E36F8EF7E3D4}.Release|Any CPU.ActiveCfg = Release|Any CPU
		{D4FF75E8-C2D4-4BE8-B255-E36F8EF7E3D4}.Release|Any CPU.Build.0 = Release|Any CPU
	EndGlobalSection
	GlobalSection(SolutionProperties) = preSolution
		HideSolutionNode = FALSE
	EndGlobalSection
	GlobalSection(ExtensibilityGlobals) = postSolution
		SolutionGuid = {AAFB2A89-31B5-4F42-9B0C-BF1DFED8A7FB}
	EndGlobalSection
EndGlobal
